
Microsoft Visual Studio Solution File, Format Version 12.00
# Visual Studio Version 17
VisualStudioVersion = 17.0.31903.59
MinimumVisualStudioVersion = 10.0.40219.1
Project("{FAE04EC0-301F-11D3-BF4B-00C04F79EFBC}") = "BeInShape-Events", "BeInShape-Events\BeInShape-Events.csproj", "{066780B9-911C-40A6-BEDE-776F320608E6}"
EndProject
Project("{FAE04EC0-301F-11D3-BF4B-00C04F79EFBC}") = "BeinShape-Memory", "BeInShape-Memory\BeinShape-Memory.csproj", "{C8F5698A-B569-4DCE-855B-E38B1CA8356C}"
EndProject
Project("{FAE04EC0-301F-11D3-BF4B-00C04F79EFBC}") = "BeInShape-Tasks", "BeInShape-Tasks\BeInShape-Tasks.csproj", "{8636044E-ECB8-4C0B-B000-C46CF9EF4707}"
EndProject
Global
	GlobalSection(SolutionConfigurationPlatforms) = preSolution
		Debug|Any CPU = Debug|Any CPU
		Release|Any CPU = Release|Any CPU
	EndGlobalSection
	GlobalSection(SolutionProperties) = preSolution
		HideSolutionNode = FALSE
	EndGlobalSection
	GlobalSection(ProjectConfigurationPlatforms) = postSolution
		{066780B9-911C-40A6-BEDE-776F320608E6}.Debug|Any CPU.ActiveCfg = Debug|Any CPU
		{066780B9-911C-40A6-BEDE-776F320608E6}.Debug|Any CPU.Build.0 = Debug|Any CPU
		{066780B9-911C-40A6-BEDE-776F320608E6}.Release|Any CPU.ActiveCfg = Release|Any CPU
		{066780B9-911C-40A6-BEDE-776F320608E6}.Release|Any CPU.Build.0 = Release|Any CPU
		{C8F5698A-B569-4DCE-855B-E38B1CA8356C}.Debug|Any CPU.ActiveCfg = Debug|Any CPU
		{C8F5698A-B569-4DCE-855B-E38B1CA8356C}.Debug|Any CPU.Build.0 = Debug|Any CPU
		{C8F5698A-B569-4DCE-855B-E38B1CA8356C}.Release|Any CPU.ActiveCfg = Release|Any CPU
		{C8F5698A-B569-4DCE-855B-E38B1CA8356C}.Release|Any CPU.Build.0 = Release|Any CPU
		{8636044E-ECB8-4C0B-B000-C46CF9EF4707}.Debug|Any CPU.ActiveCfg = Debug|Any CPU
		{8636044E-ECB8-4C0B-B000-C46CF9EF4707}.Debug|Any CPU.Build.0 = Debug|Any CPU
		{8636044E-ECB8-4C0B-B000-C46CF9EF4707}.Release|Any CPU.ActiveCfg = Release|Any CPU
		{8636044E-ECB8-4C0B-B000-C46CF9EF4707}.Release|Any CPU.Build.0 = Release|Any CPU
	EndGlobalSection
EndGlobal
